
Microsoft Visual Studio Solution File, Format Version 12.00
# Visual Studio Version 17
VisualStudioVersion = 17.7.34009.444
MinimumVisualStudioVersion = 10.0.40219.1
Project("{9A19103F-16F7-4668-BE54-9A1E7A4F7556}") = "CallerInvoiceApp", "CallerInvoiceApp.csproj", "{60196F7C-F18D-4855-B6F8-527D2531CFB4}"
EndProject
Project("{9A19103F-16F7-4668-BE54-9A1E7A4F7556}") = "Infrastructure", "..\Infrastructure\Infrastructure.csproj", "{DA576342-387C-4D5B-B484-CEB57E9699FB}"
EndProject
Project("{9A19103F-16F7-4668-BE54-9A1E7A4F7556}") = "Application", "..\Application\Application.csproj", "{1A737D4F-3F55-4420-B9EE-15A4AE62BAD0}"
EndProject
Project("{9A19103F-16F7-4668-BE54-9A1E7A4F7556}") = "Domain", "..\Domain\Domain.csproj", "{45F0E81D-7B1C-42A2-AF9F-E91E70AA5562}"
EndProject
Project("{FAE04EC0-301F-11D3-BF4B-00C04F79EFBC}") = "CallerInvoice.Test", "..\CallerInvoice.Test\CallerInvoice.Test.csproj", "{529E40C9-F747-4782-8C7B-10EF18D7109C}"
EndProject
Global
	GlobalSection(SolutionConfigurationPlatforms) = preSolution
		Debug|Any CPU = Debug|Any CPU
		Release|Any CPU = Release|Any CPU
	EndGlobalSection
	GlobalSection(ProjectConfigurationPlatforms) = postSolution
		{60196F7C-F18D-4855-B6F8-527D2531CFB4}.Debug|Any CPU.ActiveCfg = Debug|Any CPU
		{60196F7C-F18D-4855-B6F8-527D2531CFB4}.Debug|Any CPU.Build.0 = Debug|Any CPU
		{60196F7C-F18D-4855-B6F8-527D2531CFB4}.Release|Any CPU.ActiveCfg = Release|Any CPU
		{60196F7C-F18D-4855-B6F8-527D2531CFB4}.Release|Any CPU.Build.0 = Release|Any CPU
		{DA576342-387C-4D5B-B484-CEB57E9699FB}.Debug|Any CPU.ActiveCfg = Debug|Any CPU
		{DA576342-387C-4D5B-B484-CEB57E9699FB}.Debug|Any CPU.Build.0 = Debug|Any CPU
		{DA576342-387C-4D5B-B484-CEB57E9699FB}.Release|Any CPU.ActiveCfg = Release|Any CPU
		{DA576342-387C-4D5B-B484-CEB57E9699FB}.Release|Any CPU.Build.0 = Release|Any CPU
		{1A737D4F-3F55-4420-B9EE-15A4AE62BAD0}.Debug|Any CPU.ActiveCfg = Debug|Any CPU
		{1A737D4F-3F55-4420-B9EE-15A4AE62BAD0}.Debug|Any CPU.Build.0 = Debug|Any CPU
		{1A737D4F-3F55-4420-B9EE-15A4AE62BAD0}.Release|Any CPU.ActiveCfg = Release|Any CPU
		{1A737D4F-3F55-4420-B9EE-15A4AE62BAD0}.Release|Any CPU.Build.0 = Release|Any CPU
		{45F0E81D-7B1C-42A2-AF9F-E91E70AA5562}.Debug|Any CPU.ActiveCfg = Debug|Any CPU
		{45F0E81D-7B1C-42A2-AF9F-E91E70AA5562}.Debug|Any CPU.Build.0 = Debug|Any CPU
		{45F0E81D-7B1C-42A2-AF9F-E91E70AA5562}.Release|Any CPU.ActiveCfg = Release|Any CPU
		{45F0E81D-7B1C-42A2-AF9F-E91E70AA5562}.Release|Any CPU.Build.0 = Release|Any CPU
		{529E40C9-F747-4782-8C7B-10EF18D7109C}.Debug|Any CPU.ActiveCfg = Debug|Any CPU
		{529E40C9-F747-4782-8C7B-10EF18D7109C}.Debug|Any CPU.Build.0 = Debug|Any CPU
		{529E40C9-F747-4782-8C7B-10EF18D7109C}.Release|Any CPU.ActiveCfg = Release|Any CPU
		{529E40C9-F747-4782-8C7B-10EF18D7109C}.Release|Any CPU.Build.0 = Release|Any CPU
	EndGlobalSection
	GlobalSection(SolutionProperties) = preSolution
		HideSolutionNode = FALSE
	EndGlobalSection
	GlobalSection(ExtensibilityGlobals) = postSolution
		SolutionGuid = {5702F844-D410-4F9C-815B-D8B22716DDC5}
	EndGlobalSection
EndGlobal
